
Microsoft Visual Studio Solution File, Format Version 12.00
# Visual Studio Version 16
VisualStudioVersion = 16.0.29409.12
MinimumVisualStudioVersion = 10.0.40219.1
Project("{FAE04EC0-301F-11D3-BF4B-00C04F79EFBC}") = "Grid", "Grid\Grid.csproj", "{C2C31E85-0180-4239-B0B3-F2E96C1CAFD6}"
EndProject
Global
	GlobalSection(SolutionConfigurationPlatforms) = preSolution
		Debug|Any CPU = Debug|Any CPU
		Release|Any CPU = Release|Any CPU
	EndGlobalSection
	GlobalSection(ProjectConfigurationPlatforms) = postSolution
		{C2C31E85-0180-4239-B0B3-F2E96C1CAFD6}.Debug|Any CPU.ActiveCfg = Debug|Any CPU
		{C2C31E85-0180-4239-B0B3-F2E96C1CAFD6}.Debug|Any CPU.Build.0 = Debug|Any CPU
		{C2C31E85-0180-4239-B0B3-F2E96C1CAFD6}.Release|Any CPU.ActiveCfg = Release|Any CPU
		{C2C31E85-0180-4239-B0B3-F2E96C1CAFD6}.Release|Any CPU.Build.0 = Release|Any CPU
	EndGlobalSection
	GlobalSection(SolutionProperties) = preSolution
		HideSolutionNode = FALSE
	EndGlobalSection
	GlobalSection(ExtensibilityGlobals) = postSolution
		SolutionGuid = {D03BF48D-727A-4496-BC84-491298E57DAE}
	EndGlobalSection
EndGlobal
