
Microsoft Visual Studio Solution File, Format Version 12.00
# Visual Studio Version 16
VisualStudioVersion = 16.0.29201.188
MinimumVisualStudioVersion = 10.0.40219.1
Project("{FAE04EC0-301F-11D3-BF4B-00C04F79EFBC}") = "Cards", "Cards\Cards.csproj", "{3EA5E6DB-5C7F-487B-A617-1EE0C53AEC1B}"
EndProject
Global
	GlobalSection(SolutionConfigurationPlatforms) = preSolution
		Debug|Any CPU = Debug|Any CPU
		Release|Any CPU = Release|Any CPU
	EndGlobalSection
	GlobalSection(ProjectConfigurationPlatforms) = postSolution
		{3EA5E6DB-5C7F-487B-A617-1EE0C53AEC1B}.Debug|Any CPU.ActiveCfg = Debug|Any CPU
		{3EA5E6DB-5C7F-487B-A617-1EE0C53AEC1B}.Debug|Any CPU.Build.0 = Debug|Any CPU
		{3EA5E6DB-5C7F-487B-A617-1EE0C53AEC1B}.Release|Any CPU.ActiveCfg = Release|Any CPU
		{3EA5E6DB-5C7F-487B-A617-1EE0C53AEC1B}.Release|Any CPU.Build.0 = Release|Any CPU
	EndGlobalSection
	GlobalSection(SolutionProperties) = preSolution
		HideSolutionNode = FALSE
	EndGlobalSection
	GlobalSection(ExtensibilityGlobals) = postSolution
		SolutionGuid = {7D295706-C55E-4328-9E8C-4311AB471B66}
	EndGlobalSection
EndGlobal
