
Microsoft Visual Studio Solution File, Format Version 12.00
# Visual Studio Version 16
VisualStudioVersion = 16.0.29306.81
MinimumVisualStudioVersion = 10.0.40219.1
Project("{FAE04EC0-301F-11D3-BF4B-00C04F79EFBC}") = "Lista_quartos", "Lista_quartos.csproj", "{B49245EE-8758-46EB-B92E-8AD6DD31263A}"
EndProject
Global
	GlobalSection(SolutionConfigurationPlatforms) = preSolution
		Debug|Any CPU = Debug|Any CPU
		Release|Any CPU = Release|Any CPU
	EndGlobalSection
	GlobalSection(ProjectConfigurationPlatforms) = postSolution
		{B49245EE-8758-46EB-B92E-8AD6DD31263A}.Debug|Any CPU.ActiveCfg = Debug|Any CPU
		{B49245EE-8758-46EB-B92E-8AD6DD31263A}.Debug|Any CPU.Build.0 = Debug|Any CPU
		{B49245EE-8758-46EB-B92E-8AD6DD31263A}.Release|Any CPU.ActiveCfg = Release|Any CPU
		{B49245EE-8758-46EB-B92E-8AD6DD31263A}.Release|Any CPU.Build.0 = Release|Any CPU
	EndGlobalSection
	GlobalSection(SolutionProperties) = preSolution
		HideSolutionNode = FALSE
	EndGlobalSection
	GlobalSection(ExtensibilityGlobals) = postSolution
		SolutionGuid = {39A3977A-74DD-4B21-A6FC-FEB0B6C51FCE}
	EndGlobalSection
EndGlobal
