
Microsoft Visual Studio Solution File, Format Version 12.00
# Visual Studio Version 16
VisualStudioVersion = 16.0.29123.88
MinimumVisualStudioVersion = 10.0.40219.1
Project("{FAE04EC0-301F-11D3-BF4B-00C04F79EFBC}") = "Front_do_Projeto", "Front_do_Projeto\Front_do_Projeto.csproj", "{17F8E9F5-D4C9-41FD-B5A5-B51103D2142F}"
EndProject
Global
	GlobalSection(SolutionConfigurationPlatforms) = preSolution
		Debug|Any CPU = Debug|Any CPU
		Release|Any CPU = Release|Any CPU
	EndGlobalSection
	GlobalSection(ProjectConfigurationPlatforms) = postSolution
		{17F8E9F5-D4C9-41FD-B5A5-B51103D2142F}.Debug|Any CPU.ActiveCfg = Debug|Any CPU
		{17F8E9F5-D4C9-41FD-B5A5-B51103D2142F}.Debug|Any CPU.Build.0 = Debug|Any CPU
		{17F8E9F5-D4C9-41FD-B5A5-B51103D2142F}.Release|Any CPU.ActiveCfg = Release|Any CPU
		{17F8E9F5-D4C9-41FD-B5A5-B51103D2142F}.Release|Any CPU.Build.0 = Release|Any CPU
	EndGlobalSection
	GlobalSection(SolutionProperties) = preSolution
		HideSolutionNode = FALSE
	EndGlobalSection
	GlobalSection(ExtensibilityGlobals) = postSolution
		SolutionGuid = {E5B54032-B5D2-4298-A4FD-38EE666AADA4}
	EndGlobalSection
EndGlobal
